
Microsoft Visual Studio Solution File, Format Version 12.00
# Visual Studio 15
VisualStudioVersion = 15.0.28307.489
MinimumVisualStudioVersion = 10.0.40219.1
Project("{FAE04EC0-301F-11D3-BF4B-00C04F79EFBC}") = "HomeWork", "HomeWork\HomeWork.csproj", "{EDD1DCBB-1EF8-4D70-A820-D884E9ED122A}"
EndProject
Global
	GlobalSection(SolutionConfigurationPlatforms) = preSolution
		Debug|Any CPU = Debug|Any CPU
		Release|Any CPU = Release|Any CPU
	EndGlobalSection
	GlobalSection(ProjectConfigurationPlatforms) = postSolution
		{EDD1DCBB-1EF8-4D70-A820-D884E9ED122A}.Debug|Any CPU.ActiveCfg = Debug|Any CPU
		{EDD1DCBB-1EF8-4D70-A820-D884E9ED122A}.Debug|Any CPU.Build.0 = Debug|Any CPU
		{EDD1DCBB-1EF8-4D70-A820-D884E9ED122A}.Release|Any CPU.ActiveCfg = Release|Any CPU
		{EDD1DCBB-1EF8-4D70-A820-D884E9ED122A}.Release|Any CPU.Build.0 = Release|Any CPU
	EndGlobalSection
	GlobalSection(SolutionProperties) = preSolution
		HideSolutionNode = FALSE
	EndGlobalSection
	GlobalSection(ExtensibilityGlobals) = postSolution
		SolutionGuid = {BF706F28-154A-4530-A59C-524B6BDD2638}
	EndGlobalSection
EndGlobal
