
Microsoft Visual Studio Solution File, Format Version 12.00
# Visual Studio 15
VisualStudioVersion = 15.0.28307.489
MinimumVisualStudioVersion = 10.0.40219.1
Project("{FAE04EC0-301F-11D3-BF4B-00C04F79EFBC}") = "ConsoleApp7", "ConsoleApp7\ConsoleApp7.csproj", "{FA13EB72-1D70-45B1-9BDB-135DE362FED5}"
EndProject
Global
	GlobalSection(SolutionConfigurationPlatforms) = preSolution
		Debug|Any CPU = Debug|Any CPU
		Release|Any CPU = Release|Any CPU
	EndGlobalSection
	GlobalSection(ProjectConfigurationPlatforms) = postSolution
		{FA13EB72-1D70-45B1-9BDB-135DE362FED5}.Debug|Any CPU.ActiveCfg = Debug|Any CPU
		{FA13EB72-1D70-45B1-9BDB-135DE362FED5}.Debug|Any CPU.Build.0 = Debug|Any CPU
		{FA13EB72-1D70-45B1-9BDB-135DE362FED5}.Release|Any CPU.ActiveCfg = Release|Any CPU
		{FA13EB72-1D70-45B1-9BDB-135DE362FED5}.Release|Any CPU.Build.0 = Release|Any CPU
	EndGlobalSection
	GlobalSection(SolutionProperties) = preSolution
		HideSolutionNode = FALSE
	EndGlobalSection
	GlobalSection(ExtensibilityGlobals) = postSolution
		SolutionGuid = {F8E54D78-4130-4E5A-985C-7158D8EBC0B6}
	EndGlobalSection
EndGlobal
